pipelined.dev/pipe v0.8.4 h1:UFyH26AWW3GkVOWIla9zQYqDzbWW6NwdFDnvsrCKwVg=
pipelined.dev/pipe v0.8.4/go.mod h1:VF3EecmES6UYXmO2yloIYgGgeCctUq2Dz0/h4GMjwAY=
pipelined.dev/pipe v0.8.5-0.20200917195136-bee6df269014 h1:UcQkwRcHWIKBRUAbIeiIPMYgqIytA7GK+oWZTqwsqEE=
pipelined.dev/pipe v0.8.5-0.20200917195136-bee6df269014/go.mod h1:+y+pL2XCByOZKLmRffL6cSx5MxM1dMDE2zyNOhu3zqI=
pipelined.dev/signal v0.8.0/go.mod h1:wi0YlA20+rinS9o+7IMZHH3/YsO3jkahHNLSCCfaEA0=
pipelined.dev/signal v0.8.1-0.20200916195153-1318152bf0b1 h1:XKeFW2WmKMaOTQxXiZS6ab5Q8dnRJPmL1c5HlHOtOBI=
pipelined.dev/signal v0.8.1-0.20200916195153-1318152bf0b1/go.mod h1:wi0YlA20+rinS9o+7IMZHH3/YsO3jkahHNLSCCfaEA0=
