pipelined.dev/pipe v0.8.2 h1:CUxZ0OoZt6DSkTlOQ+SKQ3d/2VxiluYogf009wdGmBE=
pipelined.dev/pipe v0.8.2/go.mod h1:vGXJKBk/tBWFjPFxkfk4w5lkDgFXheS6YwZvIE4WTxc=
pipelined.dev/signal v0.7.2 h1:rF+K3D0RAhcFk6eHbaXezLWV76o3Hq8b1WROLfMKZRk=
pipelined.dev/signal v0.7.2/go.mod h1:wi0YlA20+rinS9o+7IMZHH3/YsO3jkahHNLSCCfaEA0=
pipelined.dev/signal v0.7.4 h1:AuXtS6ev9s++jb77JiHf6S9dc7t6FB6d5jYGEaJlNA8=
pipelined.dev/signal v0.7.4/go.mod h1:wi0YlA20+rinS9o+7IMZHH3/YsO3jkahHNLSCCfaEA0=
